
Microsoft Visual Studio Solution File, Format Version 12.00
# Visual Studio Version 17
VisualStudioVersion = 17.5.002.0
MinimumVisualStudioVersion = 10.0.40219.1
Project("{9A19103F-16F7-4668-BE54-9A1E7A4F7556}") = "Biblioteca", "Biblioteca.csproj", "{E7898EDD-B106-488A-A0BB-A79635E88612}"
EndProject
Global
	GlobalSection(SolutionConfigurationPlatforms) = preSolution
		Debug|Any CPU = Debug|Any CPU
		Release|Any CPU = Release|Any CPU
	EndGlobalSection
	GlobalSection(ProjectConfigurationPlatforms) = postSolution
		{E7898EDD-B106-488A-A0BB-A79635E88612}.Debug|Any CPU.ActiveCfg = Debug|Any CPU
		{E7898EDD-B106-488A-A0BB-A79635E88612}.Debug|Any CPU.Build.0 = Debug|Any CPU
		{E7898EDD-B106-488A-A0BB-A79635E88612}.Release|Any CPU.ActiveCfg = Release|Any CPU
		{E7898EDD-B106-488A-A0BB-A79635E88612}.Release|Any CPU.Build.0 = Release|Any CPU
	EndGlobalSection
	GlobalSection(SolutionProperties) = preSolution
		HideSolutionNode = FALSE
	EndGlobalSection
	GlobalSection(ExtensibilityGlobals) = postSolution
		SolutionGuid = {17542C9B-57D6-4481-84DD-374A236B0938}
	EndGlobalSection
EndGlobal
